
Microsoft Visual Studio Solution File, Format Version 12.00
Project("{FAE04EC0-301F-11D3-BF4B-00C04F79EFBC}") = "PACMAN", "PACMAN\PACMAN.csproj", "{77B701F9-8B31-4683-AF4C-A65081C439FC}"
EndProject
Global
	GlobalSection(SolutionConfigurationPlatforms) = preSolution
		Debug|Any CPU = Debug|Any CPU
		Release|Any CPU = Release|Any CPU
	EndGlobalSection
	GlobalSection(ProjectConfigurationPlatforms) = postSolution
		{77B701F9-8B31-4683-AF4C-A65081C439FC}.Debug|Any CPU.ActiveCfg = Debug|Any CPU
		{77B701F9-8B31-4683-AF4C-A65081C439FC}.Debug|Any CPU.Build.0 = Debug|Any CPU
		{77B701F9-8B31-4683-AF4C-A65081C439FC}.Release|Any CPU.ActiveCfg = Release|Any CPU
		{77B701F9-8B31-4683-AF4C-A65081C439FC}.Release|Any CPU.Build.0 = Release|Any CPU
	EndGlobalSection
EndGlobal
